github.com/GeertJohan/go.incremental v1.0.0/go.mod h1:6fAjUhbVuX1KcMD3c8TEgVUqmo4seqhv0i0kdATSkM0=
github.com/GeertJohan/go.rice v1.0.0 h1:KkI6O9uMaQU3VEKaj01ulavtF7o1fWT7+pk/4voiMLQ=
github.com/GeertJohan/go.rice v1.0.0/go.mod h1:eH6gbSOAUv07dQuZVnBmoDP8mgsM1rtixis4Tib9if0=
github.com/PuerkitoBio/goquery v1.5.1/go.mod h1:GsLWisAFVj4WgDibEWF4pvYnkVQBpKBKeU+7zCJoLcc=
github.com/akavel/rsrc v0.8.0/go.mod h1:uLoCtb9J+EyAqh+26kdrTgmzRBFPGOolLWKpdxkKq+c=
github.com/andybalholm/cascadia v1.1.0/go.mod h1:GsXiBklL0woXo1j/WYWtSYYC4ouU9PqHO0sqidkEA4Y=
github.com/daaku/go.zipexe v1.0.0 h1:VSOgZtH418pH9L16hC/JrgSNJbbAL26pj7lmD1+CGdY=
github.com/daaku/go.zipexe v1.0.0/go.mod h1:z8IiR6TsVLEYKwXAoE/I+8ys/sDkgTzSL0CLnGVd57E=
github.com/daaku/go.zipexe v1.0.1 h1:wV4zMsDOI2SZ2m7Tdz1Ps96Zrx+TzaK15VbUaGozw0M=
github.com/daaku/go.zipexe v1.0.1/go.mod h1:5xWogtqlYnfBXkSB1o9xysukNP9GTvaNkqzUZbt3Bw8=
github.com/davecgh/go-spew v1.1.1/go.mod h1:J7Y8YcW2NihsgmVo/mv3lAwl/skON4iLHjSsI+c5H38=
github.com/gopherjs/gopherjs v0.0.0-20200217142428-fce0ec30dd00 h1:l5lAOZEym3oK3SQ2HBHWsJUfbNBiTXJDeW2QDxw9AQ0=
github.com/gopherjs/gopherjs v0.0.0-20200217142428-fce0ec30dd00/go.mod h1:wJfORRmW1u3UXTncJ5qlYoELFm8eSnnEO6hX4iZ3EWY=
github.com/gopherjs/jquery v0.0.0-20191017083323-73f4c7416038 h1:/gx6joY4PjXUu6mKM4yx7yj9Ti6yP8ljOxY/Qt0J25g=
github.com/gopherjs/jquery v0.0.0-20191017083323-73f4c7416038/go.mod h1:xKR3tvLne+vYYPH9d4DM8X9MKlNV2yXDEomxulcK218=
github.com/jessevdk/go-flags v1.4.0/go.mod h1:4FA24M0QyGHXBuZZK/XkWh8h0e1EYbRYJSGM75WSRxI=
github.com/justinas/alice v1.2.0 h1:+MHSA/vccVCF4Uq37S42jwlkvI2Xzl7zTPCN5BnZNVo=
github.com/justinas/alice v1.2.0/go.mod h1:fN5HRH/reO/zrUflLfTN43t3vXvKzvZIENsNEe7i7qA=
github.com/konsorten/go-windows-terminal-sequences v1.0.3 h1:CE8S1cTafDpPvMhIxNJKvHsGVBgn1xWYf1NbHQhywc8=
github.com/konsorten/go-windows-terminal-sequences v1.0.3/go.mod h1:T0+1ngSBFLxvqU3pZ+m/2kptfBszLMUkC4ZK/EgS/cQ=
github.com/mattn/go-sqlite3 v1.14.0 h1:mLyGNKR8+Vv9CAU7PphKa2hkEqxxhn8i32J6FPj1/QA=
github.com/mattn/go-sqlite3 v1.14.0/go.mod h1:JIl7NbARA7phWnGvh0LKTyg7S9BA+6gx71ShQilpsus=
github.com/nkovacs/streamquote v0.0.0-20170412213628-49af9bddb229/go.mod h1:0aYXnNPJ8l7uZxf45rWW1a/uME32OF0rhiYGNQ2oF2E=
github.com/pmezard/go-difflib v1.0.0/go.mod h1:iKH77koFhYxTK1pcRnkKkqfTogsbg7gZNVY4sRDYZ/4=
github.com/rs/cors v1.7.0 h1:+88SsELBHx5r+hZ8TCkggzSstaWNbDvThkVK8H6f9ik=
github.com/rs/cors v1.7.0/go.mod h1:gFx+x8UowdsKA9AchylcLynDq+nNFfI8FkUZdN/jGCU=
github.com/sirupsen/logrus v1.6.0 h1:UBcNElsrwanuuMsnGSlYmtmgbb23qDR5dG+6X6Oo89I=
github.com/sirupsen/logrus v1.6.0/go.mod h1:7uNnSEd1DgxDLC74fIahvMZmmYsHGZGEOFrfsX/uA88=
github.com/stretchr/testify v1.2.2/go.mod h1:a8OnRcib4nhh0OaRAV+Yts87kKdq0PP7pXfy6kDkUVs=
github.com/valyala/bytebufferpool v1.0.0/go.mod h1:6bBcMArwyJ5K/AmCkWv1jt77kVWyCJ6HpOuEn7z0Csc=
github.com/valyala/fasttemplate v1.0.1/go.mod h1:UQGH1tvbgY+Nz5t2n7tXsz52dQxojPUpymEIMZ47gx8=
golang.org/x/crypto v0.0.0-20190308221718-c2843e01d9a2/go.mod h1:djNgcEr1/C05ACkg1iLfiJU5Ep61QUkGW8qpdssI0+w=
golang.org/x/crypto v0.0.0-20200622213623-75b288015ac9/go.mod h1:LzIPMQfyMNhhGPhUkYOs5KpL4U8rLKemX1yGLhDgUto=
golang.org/x/net v0.0.0-20180218175443-cbe0f9307d01/go.mod h1:mL1N/T3taQHkDXs73rZJwtUhF3w3ftmwwsq0BUmARs4=
golang.org/x/net v0.0.0-20190404232315-eb5bcb51f2a3/go.mod h1:t9HGtf8HONx5eT2rtn7q6eTqICYqUVnKs3thJo3Qplg=
golang.org/x/net v0.0.0-20200202094626-16171245cfb2/go.mod h1:z5CRVTTTmAJ677TzLLGU+0bjPO0LkuOLi4/5GtJWs/s=
golang.org/x/net v0.0.0-20200324143707-d3edc9973b7e/go.mod h1:qpuaurCH72eLCgpAm/N6yyVIVM9cpaDIP3A8BGJEC5A=
golang.org/x/net v0.0.0-20200625001655-4c5254603344 h1:vGXIOMxbNfDTk/aXCmfdLgkrSV+Z2tcbze+pEc3v5W4=
golang.org/x/net v0.0.0-20200625001655-4c5254603344/go.mod h1:/O7V0waA8r7cgGh81Ro3o1hOxt32SMVPicZroKQ2sZA=
golang.org/x/sys v0.0.0-20190215142949-d0b11bdaac8a/go.mod h1:STP8DvDyc/dI5b8T5hshtkjS+E42TnysNCUPdjciGhY=
golang.org/x/sys v0.0.0-20190412213103-97732733099d/go.mod h1:h1NjWce9XRLGQEsW7wpKNCjG9DtNlClVuFLEZdDNbEs=
golang.org/x/sys v0.0.0-20190422165155-953cdadca894/go.mod h1:h1NjWce9XRLGQEsW7wpKNCjG9DtNlClVuFLEZdDNbEs=
golang.org/x/sys v0.0.0-20200323222414-85ca7c5b95cd h1:xhmwyvizuTgC2qz7ZlMluP20uW+C3Rm0FD/WLDX8884=
golang.org/x/sys v0.0.0-20200323222414-85ca7c5b95cd/go.mod h1:h1NjWce9XRLGQEsW7wpKNCjG9DtNlClVuFLEZdDNbEs=
golang.org/x/sys v0.0.0-20200625212154-ddb9806d33ae h1:Ih9Yo4hSPImZOpfGuA4bR/ORKTAbhZo2AbWNRCnevdo=
golang.org/x/sys v0.0.0-20200625212154-ddb9806d33ae/go.mod h1:h1NjWce9XRLGQEsW7wpKNCjG9DtNlClVuFLEZdDNbEs=
golang.org/x/text v0.3.0/go.mod h1:NqM8EUOU14njkJ3fqMW+pc6Ldnwhi/IjpwHt7yyuwOQ=
honnef.co/go/js/dom v0.0.0-20200509013220-d4405f7ab4d8 h1:ufAAo/LVT1mnsG3ivFo3EdGa6E5VeCoBHj0hrmP5Xg0=
honnef.co/go/js/dom v0.0.0-20200509013220-d4405f7ab4d8/go.mod h1:sUMDUKNB2ZcVjt92UnLy3cdGs+wDAcrPdV3JP6sVgA4=
honnef.co/go/js/util v0.0.0-20150216223935-96b8dd9d1621 h1:QBApQyt1KyR3SvDWU8sHcIXeWTSCUamO7xQopvwuLWI=
honnef.co/go/js/util v0.0.0-20150216223935-96b8dd9d1621/go.mod h1:WrAIh8rWfzvMdLVgQ7vpu7aYbDAZ3rHLxydzv2VkL/w=
honnef.co/go/js/xhr v0.0.0-20150307031022-00e3346113ae h1:2dIKMawnBWvHzZrS8STyu/KdhYIOpnKQpp1WZm+K7TE=
honnef.co/go/js/xhr v0.0.0-20150307031022-00e3346113ae/go.mod h1:QwoYXdHZpuR080H32s5jqyk7zh/k/U9bDFg2g8OMmOM=
